hash: b07bd8e608be12e06cf290165d2bf9587a5cc0cb63d8b1c61ba0e49450fdcd1b
updated: 2018-10-15T14:58:46.133421+08:00
imports:
- name: github.com/360EntSecGroup-Skylar/excelize
  version: eb62256d165607c6877ce88efbba10c119137b3d
- name: github.com/bitly/go-simplejson
  version: aabad6e819789e569bd6aabf444c935aa9ba1e44
- name: github.com/go-sql-driver/mysql
  version: d523deb1b23d913de5bdada721a6071e71283618
- name: github.com/monnand/goredis
  version: e23c27d6345851094b8ccf9f5e63945bd30fb232
- name: google.golang.org/appengine
  version: ae0ab99deb4dc413a2b4bd6c8bdd0eb67f1e4d06
  subpackages:
  - cloudsql
- name: labix.org/v2/mgo
  version: "287"
  subpackages:
  - bson
  - sasl
testImports: []
